
Microsoft Visual Studio Solution File, Format Version 12.00
# Visual Studio Version 17
VisualStudioVersion = 17.11.35222.181
MinimumVisualStudioVersion = 10.0.40219.1
Project("{8BC9CEB8-8B4A-11D0-8D11-00A0C91BC942}") = "homework9", "homework9.vcxproj", "{4598DDCD-1129-421F-A495-91E2930F9515}"
EndProject
Global
	GlobalSection(SolutionConfigurationPlatforms) = preSolution
		Debug|x64 = Debug|x64
		Debug|x86 = Debug|x86
		Release|x64 = Release|x64
		Release|x86 = Release|x86
	EndGlobalSection
	GlobalSection(ProjectConfigurationPlatforms) = postSolution
		{4598DDCD-1129-421F-A495-91E2930F9515}.Debug|x64.ActiveCfg = Debug|x64
		{4598DDCD-1129-421F-A495-91E2930F9515}.Debug|x64.Build.0 = Debug|x64
		{4598DDCD-1129-421F-A495-91E2930F9515}.Debug|x86.ActiveCfg = Debug|Win32
		{4598DDCD-1129-421F-A495-91E2930F9515}.Debug|x86.Build.0 = Debug|Win32
		{4598DDCD-1129-421F-A495-91E2930F9515}.Release|x64.ActiveCfg = Release|x64
		{4598DDCD-1129-421F-A495-91E2930F9515}.Release|x64.Build.0 = Release|x64
		{4598DDCD-1129-421F-A495-91E2930F9515}.Release|x86.ActiveCfg = Release|Win32
		{4598DDCD-1129-421F-A495-91E2930F9515}.Release|x86.Build.0 = Release|Win32
	EndGlobalSection
	GlobalSection(SolutionProperties) = preSolution
		HideSolutionNode = FALSE
	EndGlobalSection
	GlobalSection(ExtensibilityGlobals) = postSolution
		SolutionGuid = {0C41FB3E-B175-46A2-9F4F-0FB8AFF456AA}
	EndGlobalSection
EndGlobal
